Microsoft Visual Studio Solution File, Format Version 11.00
# Visual Studio 2008

Project("{488A5AE6-C400-D7FA-D1BD-1E76DA624468}") = "Feed-Jack", "Assembly-CSharp.csproj", "{D9038758-5B6E-8C95-C9B6-9B952C8B2C74}"
EndProject
Global
	GlobalSection(SolutionConfigurationPlatforms) = preSolution
		Debug|Any CPU = Debug|Any CPU
		Release|Any CPU = Release|Any CPU
	EndGlobalSection
	GlobalSection(ProjectConfigurationPlatforms) = postSolution
		{D9038758-5B6E-8C95-C9B6-9B952C8B2C74}.Debug|Any CPU.ActiveCfg = Debug|Any CPU
		{D9038758-5B6E-8C95-C9B6-9B952C8B2C74}.Debug|Any CPU.Build.0 = Debug|Any CPU
		{D9038758-5B6E-8C95-C9B6-9B952C8B2C74}.Release|Any CPU.ActiveCfg = Release|Any CPU
		{D9038758-5B6E-8C95-C9B6-9B952C8B2C74}.Release|Any CPU.Build.0 = Release|Any CPU
	EndGlobalSection
	GlobalSection(SolutionProperties) = preSolution
		HideSolutionNode = FALSE
	EndGlobalSection
	GlobalSection(MonoDevelopProperties) = preSolution
		StartupItem = Assembly-CSharp.csproj
	EndGlobalSection
EndGlobal
